// !$*UTF8*$!
{
	archiveVersion = 1;
	classes = {
	};
	objectVersion = 55;
	objects = {

/* Begin PBXBuildFile section */
		4E8CD9AB283E5230005F9F0F /* testMarmaladeApp.swift in Sources */ = {isa = PBXBuildFile; fileRef = 4E8CD9AA283E5230005F9F0F /* testMarmaladeApp.swift */; };
		4E8CD9AD283E5230005F9F0F /* ContentView.swift in Sources */ = {isa = PBXBuildFile; fileRef = 4E8CD9AC283E5230005F9F0F /* ContentView.swift */; };
		4E8CD9AF283E5232005F9F0F /* Assets.xcassets in Resources */ = {isa = PBXBuildFile; fileRef = 4E8CD9AE283E5232005F9F0F /* Assets.xcassets */; };
		4E8CD9B2283E5232005F9F0F /* Preview Assets.xcassets in Resources */ = {isa = PBXBuildFile; fileRef = 4E8CD9B1283E5232005F9F0F /* Preview Assets.xcassets */; };
		4E8CD9BA283E5257005F9F0F /* Apollo in Frameworks */ = {isa = PBXBuildFile; productRef = 4E8CD9B9283E5257005F9F0F /* Apollo */; };
		4E8CD9BC283E6151005F9F0F /* 50percentModal.swift in Sources */ = {isa = PBXBuildFile; fileRef = 4E8CD9BB283E6151005F9F0F /* 50percentModal.swift */; };
		4E8CD9BF283E6DC0005F9F0F /* Queries.graphql in Resources */ = {isa = PBXBuildFile; fileRef = 4E8CD9BE283E6DC0005F9F0F /* Queries.graphql */; };
		4E8CD9C1283E6DDE005F9F0F /* Api.swift in Sources */ = {isa = PBXBuildFile; fileRef = 4E8CD9C0283E6DDE005F9F0F /* Api.swift */; };
		4E8CD9C4283E6EFB005F9F0F /* Apollo.swift in Sources */ = {isa = PBXBuildFile; fileRef = 4E8CD9C3283E6EFB005F9F0F /* Apollo.swift */; };
/* End PBXBuildFile section */

/* Begin PBXFileReference section */
		4E8CD9A7283E5230005F9F0F /* testMarmalade.app */ = {isa = PBXFileReference; explicitFileType = wrapper.application; includeInIndex = 0; path = testMarmalade.app; sourceTree = BUILT_PRODUCTS_DIR; };
		4E8CD9AA283E5230005F9F0F /* testMarmaladeApp.swift */ = {isa = PBXFileReference; lastKnownFileType = sourcecode.swift; path = testMarmaladeApp.swift; sourceTree = "<group>"; };
		4E8CD9AC283E5230005F9F0F /* ContentView.swift */ = {isa = PBXFileReference; lastKnownFileType = sourcecode.swift; path = ContentView.swift; sourceTree = "<group>"; };
		4E8CD9AE283E5232005F9F0F /* Assets.xcassets */ = {isa = PBXFileReference; lastKnownFileType = folder.assetcatalog; path = Assets.xcassets; sourceTree = "<group>"; };
		4E8CD9B1283E5232005F9F0F /* Preview Assets.xcassets */ = {isa = PBXFileReference; lastKnownFileType = folder.assetcatalog; path = "Preview Assets.xcassets"; sourceTree = "<group>"; };
		4E8CD9BB283E6151005F9F0F /* 50percentModal.swift */ = {isa = PBXFileReference; lastKnownFileType = sourcecode.swift; path = 50percentModal.swift; sourceTree = "<group>"; };
		4E8CD9BE283E6DC0005F9F0F /* Queries.graphql */ = {isa = PBXFileReference; lastKnownFileType = text; path = Queries.graphql; sourceTree = "<group>"; };
		4E8CD9C0283E6DDE005F9F0F /* Api.swift */ = {isa = PBXFileReference; lastKnownFileType = sourcecode.swift; path = Api.swift; sourceTree = "<group>"; };
		4E8CD9C3283E6EFB005F9F0F /* Apollo.swift */ = {isa = PBXFileReference; lastKnownFileType = sourcecode.swift; path = Apollo.swift; sourceTree = "<group>"; };
/* End PBXFileReference section */

/* Begin PBXFrameworksBuildPhase section */
		4E8CD9A4283E5230005F9F0F /* Frameworks */ = {
			isa = PBXFrameworksBuildPhase;
			buildActionMask = 2147483647;
			files = (
				4E8CD9BA283E5257005F9F0F /* Apollo in Frameworks */,
			);
			runOnlyForDeploymentPostprocessing = 0;
		};
/* End PBXFrameworksBuildPhase section */

/* Begin PBXGroup section */
		4E8CD99E283E5230005F9F0F = {
			isa = PBXGroup;
			children = (
				4E8CD9A9283E5230005F9F0F /* testMarmalade */,
				4E8CD9A8283E5230005F9F0F /* Products */,
			);
			sourceTree = "<group>";
		};
		4E8CD9A8283E5230005F9F0F /* Products */ = {
			isa = PBXGroup;
			children = (
				4E8CD9A7283E5230005F9F0F /* testMarmalade.app */,
			);
			name = Products;
			sourceTree = "<group>";
		};
		4E8CD9A9283E5230005F9F0F /* testMarmalade */ = {
			isa = PBXGroup;
			children = (
				4E8CD9BD283E6D9C005F9F0F /* GraphQL */,
				4E8CD9AA283E5230005F9F0F /* testMarmaladeApp.swift */,
				4E8CD9AC283E5230005F9F0F /* ContentView.swift */,
				4E8CD9BB283E6151005F9F0F /* 50percentModal.swift */,
				4E8CD9AE283E5232005F9F0F /* Assets.xcassets */,
				4E8CD9B0283E5232005F9F0F /* Preview Content */,
			);
			path = testMarmalade;
			sourceTree = "<group>";
		};
		4E8CD9B0283E5232005F9F0F /* Preview Content */ = {
			isa = PBXGroup;
			children = (
				4E8CD9B1283E5232005F9F0F /* Preview Assets.xcassets */,
			);
			path = "Preview Content";
			sourceTree = "<group>";
		};
		4E8CD9BD283E6D9C005F9F0F /* GraphQL */ = {
			isa = PBXGroup;
			children = (
				4E8CD9BE283E6DC0005F9F0F /* Queries.graphql */,
				4E8CD9C0283E6DDE005F9F0F /* Api.swift */,
				4E8CD9C3283E6EFB005F9F0F /* Apollo.swift */,
			);
			path = GraphQL;
			sourceTree = "<group>";
		};
/* End PBXGroup section */

/* Begin PBXNativeTarget section */
		4E8CD9A6283E5230005F9F0F /* testMarmalade */ = {
			isa = PBXNativeTarget;
			buildConfigurationList = 4E8CD9B5283E5232005F9F0F /* Build configuration list for PBXNativeTarget "testMarmalade" */;
			buildPhases = (
				4E8CD9A3283E5230005F9F0F /* Sources */,
				4E8CD9A4283E5230005F9F0F /* Frameworks */,
				4E8CD9A5283E5230005F9F0F /* Resources */,
				4E8CD9C2283E6DFB005F9F0F /* Generate Apollo GraphQL API */,
			);
			buildRules = (
			);
			dependencies = (
			);
			name = testMarmalade;
			packageProductDependencies = (
				4E8CD9B9283E5257005F9F0F /* Apollo */,
			);
			productName = testMarmalade;
			productReference = 4E8CD9A7283E5230005F9F0F /* testMarmalade.app */;
			productType = "com.apple.product-type.application";
		};
/* End PBXNativeTarget section */

/* Begin PBXProject section */
		4E8CD99F283E5230005F9F0F /* Project object */ = {
			isa = PBXProject;
			attributes = {
				BuildIndependentTargetsInParallel = 1;
				LastSwiftUpdateCheck = 1340;
				LastUpgradeCheck = 1340;
				TargetAttributes = {
					4E8CD9A6283E5230005F9F0F = {
						CreatedOnToolsVersion = 13.4;
					};
				};
			};
			buildConfigurationList = 4E8CD9A2283E5230005F9F0F /* Build configuration list for PBXProject "testMarmalade" */;
			compatibilityVersion = "Xcode 13.0";
			developmentRegion = en;
			hasScannedForEncodings = 0;
			knownRegions = (
				en,
				Base,
			);
			mainGroup = 4E8CD99E283E5230005F9F0F;
			packageReferences = (
				4E8CD9B8283E5257005F9F0F /* XCRemoteSwiftPackageReference "apollo-ios" */,
			);
			productRefGroup = 4E8CD9A8283E5230005F9F0F /* Products */;
			projectDirPath = "";
			projectRoot = "";
			targets = (
				4E8CD9A6283E5230005F9F0F /* testMarmalade */,
			);
		};
/* End PBXProject section */

/* Begin PBXResourcesBuildPhase section */
		4E8CD9A5283E5230005F9F0F /* Resources */ = {
			isa = PBXResourcesBuildPhase;
			buildActionMask = 2147483647;
			files = (
				4E8CD9BF283E6DC0005F9F0F /* Queries.graphql in Resources */,
				4E8CD9B2283E5232005F9F0F /* Preview Assets.xcassets in Resources */,
				4E8CD9AF283E5232005F9F0F /* Assets.xcassets in Resources */,
			);
			runOnlyForDeploymentPostprocessing = 0;
		};
/* End PBXResourcesBuildPhase section */

/* Begin PBXShellScriptBuildPhase section */
		4E8CD9C2283E6DFB005F9F0F /* Generate Apollo GraphQL API */ = {
			isa = PBXShellScriptBuildPhase;
			buildActionMask = 2147483647;
			files = (
			);
			inputFileListPaths = (
			);
			inputPaths = (
			);
			name = "Generate Apollo GraphQL API";
			outputFileListPaths = (
			);
			outputPaths = (
			);
			runOnlyForDeploymentPostprocessing = 0;
			shellPath = /bin/sh;
			shellScript = "# Go to the build root and search up the chain to find the \n# Derived Data Path where the source packages are checked out.\nDERIVED_DATA_CANDIDATE=\"${BUILD_ROOT}\"\n\nwhile ! [ -d \"${DERIVED_DATA_CANDIDATE}/SourcePackages\" ]; do\n  if [ \"${DERIVED_DATA_CANDIDATE}\" = / ]; then\n    echo >&2 \"error: Unable to locate SourcePackages directory from BUILD_ROOT: '${BUILD_ROOT}'\"\n    exit 1\n  fi\n\n  DERIVED_DATA_CANDIDATE=\"$(dirname \"${DERIVED_DATA_CANDIDATE}\")\"\ndone\n\n# Grab a reference to the directory where scripts are checked out\nSCRIPT_PATH=\"${DERIVED_DATA_CANDIDATE}/SourcePackages/checkouts/apollo-ios/scripts\"\n\nif [ -z \"${SCRIPT_PATH}\" ]; then\n    echo >&2 \"error: Couldn't find the CLI script in your checked out SPM packages; make sure to add the framework to your project.\"\n    exit 1\nfi\n\ncd \"${SRCROOT}/${TARGET_NAME}\"\n\"${SCRIPT_PATH}\"/run-bundled-codegen.sh codegen:generate --target=swift --includes=./**/*.graphql --localSchemaFile=\"schema.json\" GraphQL/API.swift\n";
		};
/* End PBXShellScriptBuildPhase section */

/* Begin PBXSourcesBuildPhase section */
		4E8CD9A3283E5230005F9F0F /* Sources */ = {
			isa = PBXSourcesBuildPhase;
			buildActionMask = 2147483647;
			files = (
				4E8CD9AD283E5230005F9F0F /* ContentView.swift in Sources */,
				4E8CD9AB283E5230005F9F0F /* testMarmaladeApp.swift in Sources */,
				4E8CD9C1283E6DDE005F9F0F /* Api.swift in Sources */,
				4E8CD9BC283E6151005F9F0F /* 50percentModal.swift in Sources */,
				4E8CD9C4283E6EFB005F9F0F /* Apollo.swift in Sources */,
			);
			runOnlyForDeploymentPostprocessing = 0;
		};
/* End PBXSourcesBuildPhase section */

/* Begin XCBuildConfiguration section */
		4E8CD9B3283E5232005F9F0F /* Debug */ = {
			isa = XCBuildConfiguration;
			buildSettings = {
				ALWAYS_SEARCH_USER_PATHS = NO;
				CLANG_ANALYZER_NONNULL = YES;
				CLANG_ANALYZER_NUMBER_OBJECT_CONVERSION = YES_AGGRESSIVE;
				CLANG_CXX_LANGUAGE_STANDARD = "gnu++17";
				CLANG_ENABLE_MODULES = YES;
				CLANG_ENABLE_OBJC_ARC = YES;
				CLANG_ENABLE_OBJC_WEAK = YES;
				CLANG_WARN_BLOCK_CAPTURE_AUTORELEASING = YES;
				CLANG_WARN_BOOL_CONVERSION = YES;
				CLANG_WARN_COMMA = YES;
				CLANG_WARN_CONSTANT_CONVERSION = YES;
				CLANG_WARN_DEPRECATED_OBJC_IMPLEMENTATIONS = YES;
				CLANG_WARN_DIRECT_OBJC_ISA_USAGE = YES_ERROR;
				CLANG_WARN_DOCUMENTATION_COMMENTS = YES;
				CLANG_WARN_EMPTY_BODY = YES;
				CLANG_WARN_ENUM_CONVERSION = YES;
				CLANG_WARN_INFINITE_RECURSION = YES;
				CLANG_WARN_INT_CONVERSION = YES;
				CLANG_WARN_NON_LITERAL_NULL_CONVERSION = YES;
				CLANG_WARN_OBJC_IMPLICIT_RETAIN_SELF = YES;
				CLANG_WARN_OBJC_LITERAL_CONVERSION = YES;
				CLANG_WARN_OBJC_ROOT_CLASS = YES_ERROR;
				CLANG_WARN_QUOTED_INCLUDE_IN_FRAMEWORK_HEADER = YES;
				CLANG_WARN_RANGE_LOOP_ANALYSIS = YES;
				CLANG_WARN_STRICT_PROTOTYPES = YES;
				CLANG_WARN_SUSPICIOUS_MOVE = YES;
				CLANG_WARN_UNGUARDED_AVAILABILITY = YES_AGGRESSIVE;
				CLANG_WARN_UNREACHABLE_CODE = YES;
				CLANG_WARN__DUPLICATE_METHOD_MATCH = YES;
				COPY_PHASE_STRIP = NO;
				DEBUG_INFORMATION_FORMAT = dwarf;
				ENABLE_STRICT_OBJC_MSGSEND = YES;
				ENABLE_TESTABILITY = YES;
				GCC_C_LANGUAGE_STANDARD = gnu11;
				GCC_DYNAMIC_NO_PIC = NO;
				GCC_NO_COMMON_BLOCKS = YES;
				GCC_OPTIMIZATION_LEVEL = 0;
				GCC_PREPROCESSOR_DEFINITIONS = (
					"DEBUG=1",
					"$(inherited)",
				);
				GCC_WARN_64_TO_32_BIT_CONVERSION = YES;
				GCC_WARN_ABOUT_RETURN_TYPE = YES_ERROR;
				GCC_WARN_UNDECLARED_SELECTOR = YES;
				GCC_WARN_UNINITIALIZED_AUTOS = YES_AGGRESSIVE;
				GCC_WARN_UNUSED_FUNCTION = YES;
				GCC_WARN_UNUSED_VARIABLE = YES;
				IPHONEOS_DEPLOYMENT_TARGET = 15.5;
				MTL_ENABLE_DEBUG_INFO = INCLUDE_SOURCE;
				MTL_FAST_MATH = YES;
				ONLY_ACTIVE_ARCH = YES;
				SDKROOT = iphoneos;
				SWIFT_ACTIVE_COMPILATION_CONDITIONS = DEBUG;
				SWIFT_OPTIMIZATION_LEVEL = "-Onone";
			};
			name = Debug;
		};
		4E8CD9B4283E5232005F9F0F /* Release */ = {
			isa = XCBuildConfiguration;
			buildSettings = {
				ALWAYS_SEARCH_USER_PATHS = NO;
				CLANG_ANALYZER_NONNULL = YES;
				CLANG_ANALYZER_NUMBER_OBJECT_CONVERSION = YES_AGGRESSIVE;
				CLANG_CXX_LANGUAGE_STANDARD = "gnu++17";
				CLANG_ENABLE_MODULES = YES;
				CLANG_ENABLE_OBJC_ARC = YES;
				CLANG_ENABLE_OBJC_WEAK = YES;
				CLANG_WARN_BLOCK_CAPTURE_AUTORELEASING = YES;
				CLANG_WARN_BOOL_CONVERSION = YES;
				CLANG_WARN_COMMA = YES;
				CLANG_WARN_CONSTANT_CONVERSION = YES;
				CLANG_WARN_DEPRECATED_OBJC_IMPLEMENTATIONS = YES;
				CLANG_WARN_DIRECT_OBJC_ISA_USAGE = YES_ERROR;
				CLANG_WARN_DOCUMENTATION_COMMENTS = YES;
				CLANG_WARN_EMPTY_BODY = YES;
				CLANG_WARN_ENUM_CONVERSION = YES;
				CLANG_WARN_INFINITE_RECURSION = YES;
				CLANG_WARN_INT_CONVERSION = YES;
				CLANG_WARN_NON_LITERAL_NULL_CONVERSION = YES;
				CLANG_WARN_OBJC_IMPLICIT_RETAIN_SELF = YES;
				CLANG_WARN_OBJC_LITERAL_CONVERSION = YES;
				CLANG_WARN_OBJC_ROOT_CLASS = YES_ERROR;
				CLANG_WARN_QUOTED_INCLUDE_IN_FRAMEWORK_HEADER = YES;
				CLANG_WARN_RANGE_LOOP_ANALYSIS = YES;
				CLANG_WARN_STRICT_PROTOTYPES = YES;
				CLANG_WARN_SUSPICIOUS_MOVE = YES;
				CLANG_WARN_UNGUARDED_AVAILABILITY = YES_AGGRESSIVE;
				CLANG_WARN_UNREACHABLE_CODE = YES;
				CLANG_WARN__DUPLICATE_METHOD_MATCH = YES;
				COPY_PHASE_STRIP = NO;
				DEBUG_INFORMATION_FORMAT = "dwarf-with-dsym";
				ENABLE_NS_ASSERTIONS = NO;
				ENABLE_STRICT_OBJC_MSGSEND = YES;
				GCC_C_LANGUAGE_STANDARD = gnu11;
				GCC_NO_COMMON_BLOCKS = YES;
				GCC_WARN_64_TO_32_BIT_CONVERSION = YES;
				GCC_WARN_ABOUT_RETURN_TYPE = YES_ERROR;
				GCC_WARN_UNDECLARED_SELECTOR = YES;
				GCC_WARN_UNINITIALIZED_AUTOS = YES_AGGRESSIVE;
				GCC_WARN_UNUSED_FUNCTION = YES;
				GCC_WARN_UNUSED_VARIABLE = YES;
				IPHONEOS_DEPLOYMENT_TARGET = 15.5;
				MTL_ENABLE_DEBUG_INFO = NO;
				MTL_FAST_MATH = YES;
				SDKROOT = iphoneos;
				SWIFT_COMPILATION_MODE = wholemodule;
				SWIFT_OPTIMIZATION_LEVEL = "-O";
				VALIDATE_PRODUCT = YES;
			};
			name = Release;
		};
		4E8CD9B6283E5232005F9F0F /* Debug */ = {
			isa = XCBuildConfiguration;
			buildSettings = {
				ASSETCATALOG_COMPILER_APPICON_NAME = AppIcon;
				ASSETCATALOG_COMPILER_GLOBAL_ACCENT_COLOR_NAME = AccentColor;
				CODE_SIGN_STYLE = Automatic;
				CURRENT_PROJECT_VERSION = 1;
				DEVELOPMENT_ASSET_PATHS = "\"testMarmalade/Preview Content\"";
				DEVELOPMENT_TEAM = U6V45ZJ776;
				ENABLE_PREVIEWS = YES;
				GENERATE_INFOPLIST_FILE = YES;
				INFOPLIST_KEY_UIApplicationSceneManifest_Generation = YES;
				INFOPLIST_KEY_UIApplicationSupportsIndirectInputEvents = YES;
				INFOPLIST_KEY_UILaunchScreen_Generation = YES;
				INFOPLIST_KEY_UISupportedInterfaceOrientations_iPad = "UIInterfaceOrientationPortrait UIInterfaceOrientationPortraitUpsideDown UIInterfaceOrientationLandscapeLeft UIInterfaceOrientationLandscapeRight";
				INFOPLIST_KEY_UISupportedInterfaceOrientations_iPhone = "UIInterfaceOrientationPortrait UIInterfaceOrientationLandscapeLeft UIInterfaceOrientationLandscapeRight";
				LD_RUNPATH_SEARCH_PATHS = (
					"$(inherited)",
					"@executable_path/Frameworks",
				);
				MARKETING_VERSION = 1.0;
				PRODUCT_BUNDLE_IDENTIFIER = com.davidFlorczak.testMarmalade;
				PRODUCT_NAME = "$(TARGET_NAME)";
				SWIFT_EMIT_LOC_STRINGS = YES;
				SWIFT_VERSION = 5.0;
				TARGETED_DEVICE_FAMILY = "1,2";
			};
			name = Debug;
		};
		4E8CD9B7283E5232005F9F0F /* Release */ = {
			isa = XCBuildConfiguration;
			buildSettings = {
				ASSETCATALOG_COMPILER_APPICON_NAME = AppIcon;
				ASSETCATALOG_COMPILER_GLOBAL_ACCENT_COLOR_NAME = AccentColor;
				CODE_SIGN_STYLE = Automatic;
				CURRENT_PROJECT_VERSION = 1;
				DEVELOPMENT_ASSET_PATHS = "\"testMarmalade/Preview Content\"";
				DEVELOPMENT_TEAM = U6V45ZJ776;
				ENABLE_PREVIEWS = YES;
				GENERATE_INFOPLIST_FILE = YES;
				INFOPLIST_KEY_UIApplicationSceneManifest_Generation = YES;
				INFOPLIST_KEY_UIApplicationSupportsIndirectInputEvents = YES;
				INFOPLIST_KEY_UILaunchScreen_Generation = YES;
				INFOPLIST_KEY_UISupportedInterfaceOrientations_iPad = "UIInterfaceOrientationPortrait UIInterfaceOrientationPortraitUpsideDown UIInterfaceOrientationLandscapeLeft UIInterfaceOrientationLandscapeRight";
				INFOPLIST_KEY_UISupportedInterfaceOrientations_iPhone = "UIInterfaceOrientationPortrait UIInterfaceOrientationLandscapeLeft UIInterfaceOrientationLandscapeRight";
				LD_RUNPATH_SEARCH_PATHS = (
					"$(inherited)",
					"@executable_path/Frameworks",
				);
				MARKETING_VERSION = 1.0;
				PRODUCT_BUNDLE_IDENTIFIER = com.davidFlorczak.testMarmalade;
				PRODUCT_NAME = "$(TARGET_NAME)";
				SWIFT_EMIT_LOC_STRINGS = YES;
				SWIFT_VERSION = 5.0;
				TARGETED_DEVICE_FAMILY = "1,2";
			};
			name = Release;
		};
/* End XCBuildConfiguration section */

/* Begin XCConfigurationList section */
		4E8CD9A2283E5230005F9F0F /* Build configuration list for PBXProject "testMarmalade" */ = {
			isa = XCConfigurationList;
			buildConfigurations = (
				4E8CD9B3283E5232005F9F0F /* Debug */,
				4E8CD9B4283E5232005F9F0F /* Release */,
			);
			defaultConfigurationIsVisible = 0;
			defaultConfigurationName = Release;
		};
		4E8CD9B5283E5232005F9F0F /* Build configuration list for PBXNativeTarget "testMarmalade" */ = {
			isa = XCConfigurationList;
			buildConfigurations = (
				4E8CD9B6283E5232005F9F0F /* Debug */,
				4E8CD9B7283E5232005F9F0F /* Release */,
			);
			defaultConfigurationIsVisible = 0;
			defaultConfigurationName = Release;
		};
/* End XCConfigurationList section */

/* Begin XCRemoteSwiftPackageReference section */
		4E8CD9B8283E5257005F9F0F /* XCRemoteSwiftPackageReference "apollo-ios" */ = {
			isa = XCRemoteSwiftPackageReference;
			repositoryURL = "https://github.com/apollographql/apollo-ios.git";
			requirement = {
				kind = exactVersion;
				version = 0.51.2;
			};
		};
/* End XCRemoteSwiftPackageReference section */

/* Begin XCSwiftPackageProductDependency section */
		4E8CD9B9283E5257005F9F0F /* Apollo */ = {
			isa = XCSwiftPackageProductDependency;
			package = 4E8CD9B8283E5257005F9F0F /* XCRemoteSwiftPackageReference "apollo-ios" */;
			productName = Apollo;
		};
/* End XCSwiftPackageProductDependency section */
	};
	rootObject = 4E8CD99F283E5230005F9F0F /* Project object */;
}
